// !$*UTF8*$!
{
	archiveVersion = 1;
	classes = {
	};
	objectVersion = 55;
	objects = {

/* Begin PBXBuildFile section */
		452911B328818ED7002DC5F4 /* PlaceholderView.swift in Sources */ = {isa = PBXBuildFile; fileRef = 452911B228818ED7002DC5F4 /* PlaceholderView.swift */; };
		4537E0F42888492800862280 /* DocumentDirectory.swift in Sources */ = {isa = PBXBuildFile; fileRef = 4537E0F32888492800862280 /* DocumentDirectory.swift */; };
		4543D619287F0AFD00F55B97 /* CompactArticleView.swift in Sources */ = {isa = PBXBuildFile; fileRef = 4543D618287F0AFD00F55B97 /* CompactArticleView.swift */; };
		455917F1286D8CD600BE4997 /* ApiKey.swift in Sources */ = {isa = PBXBuildFile; fileRef = 455917F0286D8CD600BE4997 /* ApiKey.swift */; };
		455917F3286D8E0900BE4997 /* NetworkManager.swift in Sources */ = {isa = PBXBuildFile; fileRef = 455917F2286D8E0900BE4997 /* NetworkManager.swift */; };
		455917F5286D8F3900BE4997 /* NetworkError.swift in Sources */ = {isa = PBXBuildFile; fileRef = 455917F4286D8F3900BE4997 /* NetworkError.swift */; };
		455917F7286D936B00BE4997 /* URLBuilder.swift in Sources */ = {isa = PBXBuildFile; fileRef = 455917F6286D936B00BE4997 /* URLBuilder.swift */; };
		455917F9286DB6B100BE4997 /* NewsResponse.swift in Sources */ = {isa = PBXBuildFile; fileRef = 455917F8286DB6B100BE4997 /* NewsResponse.swift */; };
		4570F8B4287483460026A895 /* Properties.swift in Sources */ = {isa = PBXBuildFile; fileRef = 4570F8B3287483460026A895 /* Properties.swift */; };
		45837A212880447B00FB0D9B /* ReadingListArticleDetailsView.swift in Sources */ = {isa = PBXBuildFile; fileRef = 45837A202880447B00FB0D9B /* ReadingListArticleDetailsView.swift */; };
		45B0C8FC2872BAAA005050D9 /* NewsHandler.swift in Sources */ = {isa = PBXBuildFile; fileRef = 45B0C8FB2872BAAA005050D9 /* NewsHandler.swift */; };
		45BE2B2B28771E3A0074A648 /* HeadlineSettings.swift in Sources */ = {isa = PBXBuildFile; fileRef = 45BE2B2A28771E3A0074A648 /* HeadlineSettings.swift */; };
		45BE2B2D28775D460074A648 /* SearchSettings.swift in Sources */ = {isa = PBXBuildFile; fileRef = 45BE2B2C28775D460074A648 /* SearchSettings.swift */; };
		45BE2B2F28775EB40074A648 /* SearchSetupView.swift in Sources */ = {isa = PBXBuildFile; fileRef = 45BE2B2E28775EB40074A648 /* SearchSetupView.swift */; };
		45C412D02872EB6D00353538 /* HeadlineView.swift in Sources */ = {isa = PBXBuildFile; fileRef = 45C412CF2872EB6C00353538 /* HeadlineView.swift */; };
		45C412D22872EB7E00353538 /* ReadingListView.swift in Sources */ = {isa = PBXBuildFile; fileRef = 45C412D12872EB7E00353538 /* ReadingListView.swift */; };
		45C6558B2871B2FA00039F35 /* ArticleList.swift in Sources */ = {isa = PBXBuildFile; fileRef = 45C6558A2871B2FA00039F35 /* ArticleList.swift */; };
		45C6558E2871BC1500039F35 /* SearchView.swift in Sources */ = {isa = PBXBuildFile; fileRef = 45C6558D2871BC1500039F35 /* SearchView.swift */; };
		45E2CE48288D626A009437F5 /* HTMLView.swift in Sources */ = {isa = PBXBuildFile; fileRef = 45E2CE47288D626A009437F5 /* HTMLView.swift */; };
		45E2CE4A288D66F4009437F5 /* String+HTMLCheck.swift in Sources */ = {isa = PBXBuildFile; fileRef = 45E2CE49288D66F4009437F5 /* String+HTMLCheck.swift */; };
		45E3587D2884A5D80025FE2A /* GridView.swift in Sources */ = {isa = PBXBuildFile; fileRef = 45E3587C2884A5D80025FE2A /* GridView.swift */; };
		45E3587F2884A6FE0025FE2A /* GridViewItem.swift in Sources */ = {isa = PBXBuildFile; fileRef = 45E3587E2884A6FE0025FE2A /* GridViewItem.swift */; };
		45E86A17287817CC0030FC6F /* ArticleRowView.swift in Sources */ = {isa = PBXBuildFile; fileRef = 45E86A16287817CC0030FC6F /* ArticleRowView.swift */; };
		45E86A1928781D660030FC6F /* ArticleDetailsView.swift in Sources */ = {isa = PBXBuildFile; fileRef = 45E86A1828781D660030FC6F /* ArticleDetailsView.swift */; };
		45E86A1B287822E80030FC6F /* ArticleHeaderView.swift in Sources */ = {isa = PBXBuildFile; fileRef = 45E86A1A287822E80030FC6F /* ArticleHeaderView.swift */; };
		45EB0F8B2875769E00E411F7 /* HeadlineSetupView.swift in Sources */ = {isa = PBXBuildFile; fileRef = 45EB0F8A2875769E00E411F7 /* HeadlineSetupView.swift */; };
		45F213D5286C48D5009FC26F /* NewsApp.swift in Sources */ = {isa = PBXBuildFile; fileRef = 45F213D4286C48D5009FC26F /* NewsApp.swift */; };
		45F213D7286C48D5009FC26F /* ContentView.swift in Sources */ = {isa = PBXBuildFile; fileRef = 45F213D6286C48D5009FC26F /* ContentView.swift */; };
		45F213D9286C48D6009FC26F /* Assets.xcassets in Resources */ = {isa = PBXBuildFile; fileRef = 45F213D8286C48D6009FC26F /* Assets.xcassets */; };
		45F213DC286C48D6009FC26F /* Preview Assets.xcassets in Resources */ = {isa = PBXBuildFile; fileRef = 45F213DB286C48D6009FC26F /* Preview Assets.xcassets */; };
		45F213E3286CBB49009FC26F /* SafariView.swift in Sources */ = {isa = PBXBuildFile; fileRef = 45F213E2286CBB49009FC26F /* SafariView.swift */; };
/* End PBXBuildFile section */

/* Begin PBXFileReference section */
		452911B228818ED7002DC5F4 /* PlaceholderView.swift */ = {isa = PBXFileReference; lastKnownFileType = sourcecode.swift; path = PlaceholderView.swift; sourceTree = "<group>"; };
		4537E0F32888492800862280 /* DocumentDirectory.swift */ = {isa = PBXFileReference; lastKnownFileType = sourcecode.swift; path = DocumentDirectory.swift; sourceTree = "<group>"; };
		4543D618287F0AFD00F55B97 /* CompactArticleView.swift */ = {isa = PBXFileReference; lastKnownFileType = sourcecode.swift; path = CompactArticleView.swift; sourceTree = "<group>"; };
		455917F0286D8CD600BE4997 /* ApiKey.swift */ = {isa = PBXFileReference; lastKnownFileType = sourcecode.swift; path = ApiKey.swift; sourceTree = "<group>"; };
		455917F2286D8E0900BE4997 /* NetworkManager.swift */ = {isa = PBXFileReference; lastKnownFileType = sourcecode.swift; path = NetworkManager.swift; sourceTree = "<group>"; };
		455917F4286D8F3900BE4997 /* NetworkError.swift */ = {isa = PBXFileReference; lastKnownFileType = sourcecode.swift; path = NetworkError.swift; sourceTree = "<group>"; };
		455917F6286D936B00BE4997 /* URLBuilder.swift */ = {isa = PBXFileReference; lastKnownFileType = sourcecode.swift; path = URLBuilder.swift; sourceTree = "<group>"; };
		455917F8286DB6B100BE4997 /* NewsResponse.swift */ = {isa = PBXFileReference; lastKnownFileType = sourcecode.swift; path = NewsResponse.swift; sourceTree = "<group>"; };
		4570F8B3287483460026A895 /* Properties.swift */ = {isa = PBXFileReference; lastKnownFileType = sourcecode.swift; path = Properties.swift; sourceTree = "<group>"; };
		45837A202880447B00FB0D9B /* ReadingListArticleDetailsView.swift */ = {isa = PBXFileReference; lastKnownFileType = sourcecode.swift; path = ReadingListArticleDetailsView.swift; sourceTree = "<group>"; };
		45B0C8FB2872BAAA005050D9 /* NewsHandler.swift */ = {isa = PBXFileReference; lastKnownFileType = sourcecode.swift; path = NewsHandler.swift; sourceTree = "<group>"; };
		45BE2B2A28771E3A0074A648 /* HeadlineSettings.swift */ = {isa = PBXFileReference; lastKnownFileType = sourcecode.swift; path = HeadlineSettings.swift; sourceTree = "<group>"; };
		45BE2B2C28775D460074A648 /* SearchSettings.swift */ = {isa = PBXFileReference; lastKnownFileType = sourcecode.swift; path = SearchSettings.swift; sourceTree = "<group>"; };
		45BE2B2E28775EB40074A648 /* SearchSetupView.swift */ = {isa = PBXFileReference; lastKnownFileType = sourcecode.swift; path = SearchSetupView.swift; sourceTree = "<group>"; };
		45C412CF2872EB6C00353538 /* HeadlineView.swift */ = {isa = PBXFileReference; lastKnownFileType = sourcecode.swift; path = HeadlineView.swift; sourceTree = "<group>"; };
		45C412D12872EB7E00353538 /* ReadingListView.swift */ = {isa = PBXFileReference; lastKnownFileType = sourcecode.swift; path = ReadingListView.swift; sourceTree = "<group>"; };
		45C6558A2871B2FA00039F35 /* ArticleList.swift */ = {isa = PBXFileReference; lastKnownFileType = sourcecode.swift; path = ArticleList.swift; sourceTree = "<group>"; };
		45C6558D2871BC1500039F35 /* SearchView.swift */ = {isa = PBXFileReference; lastKnownFileType = sourcecode.swift; path = SearchView.swift; sourceTree = "<group>"; };
		45E2CE47288D626A009437F5 /* HTMLView.swift */ = {isa = PBXFileReference; lastKnownFileType = sourcecode.swift; path = HTMLView.swift; sourceTree = "<group>"; };
		45E2CE49288D66F4009437F5 /* String+HTMLCheck.swift */ = {isa = PBXFileReference; lastKnownFileType = sourcecode.swift; path = "String+HTMLCheck.swift"; sourceTree = "<group>"; };
		45E3587C2884A5D80025FE2A /* GridView.swift */ = {isa = PBXFileReference; lastKnownFileType = sourcecode.swift; path = GridView.swift; sourceTree = "<group>"; };
		45E3587E2884A6FE0025FE2A /* GridViewItem.swift */ = {isa = PBXFileReference; lastKnownFileType = sourcecode.swift; path = GridViewItem.swift; sourceTree = "<group>"; };
		45E86A16287817CC0030FC6F /* ArticleRowView.swift */ = {isa = PBXFileReference; lastKnownFileType = sourcecode.swift; path = ArticleRowView.swift; sourceTree = "<group>"; };
		45E86A1828781D660030FC6F /* ArticleDetailsView.swift */ = {isa = PBXFileReference; lastKnownFileType = sourcecode.swift; path = ArticleDetailsView.swift; sourceTree = "<group>"; };
		45E86A1A287822E80030FC6F /* ArticleHeaderView.swift */ = {isa = PBXFileReference; lastKnownFileType = sourcecode.swift; path = ArticleHeaderView.swift; sourceTree = "<group>"; };
		45EB0F8A2875769E00E411F7 /* HeadlineSetupView.swift */ = {isa = PBXFileReference; lastKnownFileType = sourcecode.swift; path = HeadlineSetupView.swift; sourceTree = "<group>"; };
		45F213D1286C48D5009FC26F /* News.app */ = {isa = PBXFileReference; explicitFileType = wrapper.application; includeInIndex = 0; path = News.app; sourceTree = BUILT_PRODUCTS_DIR; };
		45F213D4286C48D5009FC26F /* NewsApp.swift */ = {isa = PBXFileReference; lastKnownFileType = sourcecode.swift; path = NewsApp.swift; sourceTree = "<group>"; };
		45F213D6286C48D5009FC26F /* ContentView.swift */ = {isa = PBXFileReference; lastKnownFileType = sourcecode.swift; path = ContentView.swift; sourceTree = "<group>"; };
		45F213D8286C48D6009FC26F /* Assets.xcassets */ = {isa = PBXFileReference; lastKnownFileType = folder.assetcatalog; path = Assets.xcassets; sourceTree = "<group>"; };
		45F213DB286C48D6009FC26F /* Preview Assets.xcassets */ = {isa = PBXFileReference; lastKnownFileType = folder.assetcatalog; path = "Preview Assets.xcassets"; sourceTree = "<group>"; };
		45F213E2286CBB49009FC26F /* SafariView.swift */ = {isa = PBXFileReference; lastKnownFileType = sourcecode.swift; path = SafariView.swift; sourceTree = "<group>"; };
/* End PBXFileReference section */

/* Begin PBXFrameworksBuildPhase section */
		45F213CE286C48D5009FC26F /* Frameworks */ = {
			isa = PBXFrameworksBuildPhase;
			buildActionMask = 2147483647;
			files = (
			);
			runOnlyForDeploymentPostprocessing = 0;
		};
/* End PBXFrameworksBuildPhase section */

/* Begin PBXGroup section */
		4537E0F52888492D00862280 /* Extension */ = {
			isa = PBXGroup;
			children = (
				4537E0F32888492800862280 /* DocumentDirectory.swift */,
				45E2CE49288D66F4009437F5 /* String+HTMLCheck.swift */,
			);
			path = Extension;
			sourceTree = "<group>";
		};
		455917EE286D8C9300BE4997 /* Utilities */ = {
			isa = PBXGroup;
			children = (
				45F213E2286CBB49009FC26F /* SafariView.swift */,
				45E2CE47288D626A009437F5 /* HTMLView.swift */,
				4570F8B3287483460026A895 /* Properties.swift */,
			);
			path = Utilities;
			sourceTree = "<group>";
		};
		455917EF286D8CBF00BE4997 /* Networking */ = {
			isa = PBXGroup;
			children = (
				455917F0286D8CD600BE4997 /* ApiKey.swift */,
				455917F2286D8E0900BE4997 /* NetworkManager.swift */,
				455917F4286D8F3900BE4997 /* NetworkError.swift */,
				455917F6286D936B00BE4997 /* URLBuilder.swift */,
			);
			path = Networking;
			sourceTree = "<group>";
		};
		455917FA286DB6B500BE4997 /* Model */ = {
			isa = PBXGroup;
			children = (
				455917F8286DB6B100BE4997 /* NewsResponse.swift */,
			);
			path = Model;
			sourceTree = "<group>";
		};
		45B0C8FD2872BAAF005050D9 /* View Model */ = {
			isa = PBXGroup;
			children = (
				45B0C8FB2872BAAA005050D9 /* NewsHandler.swift */,
				45BE2B2A28771E3A0074A648 /* HeadlineSettings.swift */,
				45BE2B2C28775D460074A648 /* SearchSettings.swift */,
			);
			path = "View Model";
			sourceTree = "<group>";
		};
		45C6558C2871B30000039F35 /* View */ = {
			isa = PBXGroup;
			children = (
				45F213D6286C48D5009FC26F /* ContentView.swift */,
				45C6558D2871BC1500039F35 /* SearchView.swift */,
				45BE2B2E28775EB40074A648 /* SearchSetupView.swift */,
				45C412CF2872EB6C00353538 /* HeadlineView.swift */,
				45EB0F8A2875769E00E411F7 /* HeadlineSetupView.swift */,
				45C412D12872EB7E00353538 /* ReadingListView.swift */,
				45837A202880447B00FB0D9B /* ReadingListArticleDetailsView.swift */,
				4543D618287F0AFD00F55B97 /* CompactArticleView.swift */,
				45E3587C2884A5D80025FE2A /* GridView.swift */,
				45E3587E2884A6FE0025FE2A /* GridViewItem.swift */,
				45C6558A2871B2FA00039F35 /* ArticleList.swift */,
				45E86A16287817CC0030FC6F /* ArticleRowView.swift */,
				45E86A1A287822E80030FC6F /* ArticleHeaderView.swift */,
				45E86A1828781D660030FC6F /* ArticleDetailsView.swift */,
				452911B228818ED7002DC5F4 /* PlaceholderView.swift */,
			);
			path = View;
			sourceTree = "<group>";
		};
		45F213C8286C48D5009FC26F = {
			isa = PBXGroup;
			children = (
				45F213D3286C48D5009FC26F /* News */,
				45F213D2286C48D5009FC26F /* Products */,
			);
			sourceTree = "<group>";
		};
		45F213D2286C48D5009FC26F /* Products */ = {
			isa = PBXGroup;
			children = (
				45F213D1286C48D5009FC26F /* News.app */,
			);
			name = Products;
			sourceTree = "<group>";
		};
		45F213D3286C48D5009FC26F /* News */ = {
			isa = PBXGroup;
			children = (
				45F213D4286C48D5009FC26F /* NewsApp.swift */,
				4537E0F52888492D00862280 /* Extension */,
				455917FA286DB6B500BE4997 /* Model */,
				45C6558C2871B30000039F35 /* View */,
				45B0C8FD2872BAAF005050D9 /* View Model */,
				455917EF286D8CBF00BE4997 /* Networking */,
				455917EE286D8C9300BE4997 /* Utilities */,
				45F213D8286C48D6009FC26F /* Assets.xcassets */,
				45F213DA286C48D6009FC26F /* Preview Content */,
			);
			path = News;
			sourceTree = "<group>";
		};
		45F213DA286C48D6009FC26F /* Preview Content */ = {
			isa = PBXGroup;
			children = (
				45F213DB286C48D6009FC26F /* Preview Assets.xcassets */,
			);
			path = "Preview Content";
			sourceTree = "<group>";
		};
/* End PBXGroup section */

/* Begin PBXNativeTarget section */
		45F213D0286C48D5009FC26F /* News */ = {
			isa = PBXNativeTarget;
			buildConfigurationList = 45F213DF286C48D6009FC26F /* Build configuration list for PBXNativeTarget "News" */;
			buildPhases = (
				45F213CD286C48D5009FC26F /* Sources */,
				45F213CE286C48D5009FC26F /* Frameworks */,
				45F213CF286C48D5009FC26F /* Resources */,
			);
			buildRules = (
			);
			dependencies = (
			);
			name = News;
			productName = News;
			productReference = 45F213D1286C48D5009FC26F /* News.app */;
			productType = "com.apple.product-type.application";
		};
/* End PBXNativeTarget section */

/* Begin PBXProject section */
		45F213C9286C48D5009FC26F /* Project object */ = {
			isa = PBXProject;
			attributes = {
				BuildIndependentTargetsInParallel = 1;
				LastSwiftUpdateCheck = 1340;
				LastUpgradeCheck = 1340;
				TargetAttributes = {
					45F213D0286C48D5009FC26F = {
						CreatedOnToolsVersion = 13.4;
					};
				};
			};
			buildConfigurationList = 45F213CC286C48D5009FC26F /* Build configuration list for PBXProject "News" */;
			compatibilityVersion = "Xcode 13.0";
			developmentRegion = en;
			hasScannedForEncodings = 0;
			knownRegions = (
				en,
				Base,
			);
			mainGroup = 45F213C8286C48D5009FC26F;
			productRefGroup = 45F213D2286C48D5009FC26F /* Products */;
			projectDirPath = "";
			projectRoot = "";
			targets = (
				45F213D0286C48D5009FC26F /* News */,
			);
		};
/* End PBXProject section */

/* Begin PBXResourcesBuildPhase section */
		45F213CF286C48D5009FC26F /* Resources */ = {
			isa = PBXResourcesBuildPhase;
			buildActionMask = 2147483647;
			files = (
				45F213DC286C48D6009FC26F /* Preview Assets.xcassets in Resources */,
				45F213D9286C48D6009FC26F /* Assets.xcassets in Resources */,
			);
			runOnlyForDeploymentPostprocessing = 0;
		};
/* End PBXResourcesBuildPhase section */

/* Begin PBXSourcesBuildPhase section */
		45F213CD286C48D5009FC26F /* Sources */ = {
			isa = PBXSourcesBuildPhase;
			buildActionMask = 2147483647;
			files = (
				45C6558E2871BC1500039F35 /* SearchView.swift in Sources */,
				45F213D7286C48D5009FC26F /* ContentView.swift in Sources */,
				45BE2B2F28775EB40074A648 /* SearchSetupView.swift in Sources */,
				4543D619287F0AFD00F55B97 /* CompactArticleView.swift in Sources */,
				45BE2B2D28775D460074A648 /* SearchSettings.swift in Sources */,
				452911B328818ED7002DC5F4 /* PlaceholderView.swift in Sources */,
				45837A212880447B00FB0D9B /* ReadingListArticleDetailsView.swift in Sources */,
				45C412D02872EB6D00353538 /* HeadlineView.swift in Sources */,
				455917F9286DB6B100BE4997 /* NewsResponse.swift in Sources */,
				4570F8B4287483460026A895 /* Properties.swift in Sources */,
				45C6558B2871B2FA00039F35 /* ArticleList.swift in Sources */,
				455917F7286D936B00BE4997 /* URLBuilder.swift in Sources */,
				45F213E3286CBB49009FC26F /* SafariView.swift in Sources */,
				45E3587F2884A6FE0025FE2A /* GridViewItem.swift in Sources */,
				45E86A17287817CC0030FC6F /* ArticleRowView.swift in Sources */,
				455917F3286D8E0900BE4997 /* NetworkManager.swift in Sources */,
				45E86A1928781D660030FC6F /* ArticleDetailsView.swift in Sources */,
				45E2CE48288D626A009437F5 /* HTMLView.swift in Sources */,
				45C412D22872EB7E00353538 /* ReadingListView.swift in Sources */,
				455917F5286D8F3900BE4997 /* NetworkError.swift in Sources */,
				45EB0F8B2875769E00E411F7 /* HeadlineSetupView.swift in Sources */,
				455917F1286D8CD600BE4997 /* ApiKey.swift in Sources */,
				45E2CE4A288D66F4009437F5 /* String+HTMLCheck.swift in Sources */,
				45E86A1B287822E80030FC6F /* ArticleHeaderView.swift in Sources */,
				45BE2B2B28771E3A0074A648 /* HeadlineSettings.swift in Sources */,
				4537E0F42888492800862280 /* DocumentDirectory.swift in Sources */,
				45F213D5286C48D5009FC26F /* NewsApp.swift in Sources */,
				45E3587D2884A5D80025FE2A /* GridView.swift in Sources */,
				45B0C8FC2872BAAA005050D9 /* NewsHandler.swift in Sources */,
			);
			runOnlyForDeploymentPostprocessing = 0;
		};
/* End PBXSourcesBuildPhase section */

/* Begin XCBuildConfiguration section */
		45F213DD286C48D6009FC26F /* Debug */ = {
			isa = XCBuildConfiguration;
			buildSettings = {
				ALWAYS_SEARCH_USER_PATHS = NO;
				CLANG_ANALYZER_NONNULL = YES;
				CLANG_ANALYZER_NUMBER_OBJECT_CONVERSION = YES_AGGRESSIVE;
				CLANG_CXX_LANGUAGE_STANDARD = "gnu++17";
				CLANG_ENABLE_MODULES = YES;
				CLANG_ENABLE_OBJC_ARC = YES;
				CLANG_ENABLE_OBJC_WEAK = YES;
				CLANG_WARN_BLOCK_CAPTURE_AUTORELEASING = YES;
				CLANG_WARN_BOOL_CONVERSION = YES;
				CLANG_WARN_COMMA = YES;
				CLANG_WARN_CONSTANT_CONVERSION = YES;
				CLANG_WARN_DEPRECATED_OBJC_IMPLEMENTATIONS = YES;
				CLANG_WARN_DIRECT_OBJC_ISA_USAGE = YES_ERROR;
				CLANG_WARN_DOCUMENTATION_COMMENTS = YES;
				CLANG_WARN_EMPTY_BODY = YES;
				CLANG_WARN_ENUM_CONVERSION = YES;
				CLANG_WARN_INFINITE_RECURSION = YES;
				CLANG_WARN_INT_CONVERSION = YES;
				CLANG_WARN_NON_LITERAL_NULL_CONVERSION = YES;
				CLANG_WARN_OBJC_IMPLICIT_RETAIN_SELF = YES;
				CLANG_WARN_OBJC_LITERAL_CONVERSION = YES;
				CLANG_WARN_OBJC_ROOT_CLASS = YES_ERROR;
				CLANG_WARN_QUOTED_INCLUDE_IN_FRAMEWORK_HEADER = YES;
				CLANG_WARN_RANGE_LOOP_ANALYSIS = YES;
				CLANG_WARN_STRICT_PROTOTYPES = YES;
				CLANG_WARN_SUSPICIOUS_MOVE = YES;
				CLANG_WARN_UNGUARDED_AVAILABILITY = YES_AGGRESSIVE;
				CLANG_WARN_UNREACHABLE_CODE = YES;
				CLANG_WARN__DUPLICATE_METHOD_MATCH = YES;
				COPY_PHASE_STRIP = NO;
				DEBUG_INFORMATION_FORMAT = dwarf;
				ENABLE_STRICT_OBJC_MSGSEND = YES;
				ENABLE_TESTABILITY = YES;
				GCC_C_LANGUAGE_STANDARD = gnu11;
				GCC_DYNAMIC_NO_PIC = NO;
				GCC_NO_COMMON_BLOCKS = YES;
				GCC_OPTIMIZATION_LEVEL = 0;
				GCC_PREPROCESSOR_DEFINITIONS = (
					"DEBUG=1",
					"$(inherited)",
				);
				GCC_WARN_64_TO_32_BIT_CONVERSION = YES;
				GCC_WARN_ABOUT_RETURN_TYPE = YES_ERROR;
				GCC_WARN_UNDECLARED_SELECTOR = YES;
				GCC_WARN_UNINITIALIZED_AUTOS = YES_AGGRESSIVE;
				GCC_WARN_UNUSED_FUNCTION = YES;
				GCC_WARN_UNUSED_VARIABLE = YES;
				IPHONEOS_DEPLOYMENT_TARGET = 16.1;
				MTL_ENABLE_DEBUG_INFO = INCLUDE_SOURCE;
				MTL_FAST_MATH = YES;
				ONLY_ACTIVE_ARCH = YES;
				SDKROOT = iphoneos;
				SWIFT_ACTIVE_COMPILATION_CONDITIONS = DEBUG;
				SWIFT_OPTIMIZATION_LEVEL = "-Onone";
			};
			name = Debug;
		};
		45F213DE286C48D6009FC26F /* Release */ = {
			isa = XCBuildConfiguration;
			buildSettings = {
				ALWAYS_SEARCH_USER_PATHS = NO;
				CLANG_ANALYZER_NONNULL = YES;
				CLANG_ANALYZER_NUMBER_OBJECT_CONVERSION = YES_AGGRESSIVE;
				CLANG_CXX_LANGUAGE_STANDARD = "gnu++17";
				CLANG_ENABLE_MODULES = YES;
				CLANG_ENABLE_OBJC_ARC = YES;
				CLANG_ENABLE_OBJC_WEAK = YES;
				CLANG_WARN_BLOCK_CAPTURE_AUTORELEASING = YES;
				CLANG_WARN_BOOL_CONVERSION = YES;
				CLANG_WARN_COMMA = YES;
				CLANG_WARN_CONSTANT_CONVERSION = YES;
				CLANG_WARN_DEPRECATED_OBJC_IMPLEMENTATIONS = YES;
				CLANG_WARN_DIRECT_OBJC_ISA_USAGE = YES_ERROR;
				CLANG_WARN_DOCUMENTATION_COMMENTS = YES;
				CLANG_WARN_EMPTY_BODY = YES;
				CLANG_WARN_ENUM_CONVERSION = YES;
				CLANG_WARN_INFINITE_RECURSION = YES;
				CLANG_WARN_INT_CONVERSION = YES;
				CLANG_WARN_NON_LITERAL_NULL_CONVERSION = YES;
				CLANG_WARN_OBJC_IMPLICIT_RETAIN_SELF = YES;
				CLANG_WARN_OBJC_LITERAL_CONVERSION = YES;
				CLANG_WARN_OBJC_ROOT_CLASS = YES_ERROR;
				CLANG_WARN_QUOTED_INCLUDE_IN_FRAMEWORK_HEADER = YES;
				CLANG_WARN_RANGE_LOOP_ANALYSIS = YES;
				CLANG_WARN_STRICT_PROTOTYPES = YES;
				CLANG_WARN_SUSPICIOUS_MOVE = YES;
				CLANG_WARN_UNGUARDED_AVAILABILITY = YES_AGGRESSIVE;
				CLANG_WARN_UNREACHABLE_CODE = YES;
				CLANG_WARN__DUPLICATE_METHOD_MATCH = YES;
				COPY_PHASE_STRIP = NO;
				DEBUG_INFORMATION_FORMAT = "dwarf-with-dsym";
				ENABLE_NS_ASSERTIONS = NO;
				ENABLE_STRICT_OBJC_MSGSEND = YES;
				GCC_C_LANGUAGE_STANDARD = gnu11;
				GCC_NO_COMMON_BLOCKS = YES;
				GCC_WARN_64_TO_32_BIT_CONVERSION = YES;
				GCC_WARN_ABOUT_RETURN_TYPE = YES_ERROR;
				GCC_WARN_UNDECLARED_SELECTOR = YES;
				GCC_WARN_UNINITIALIZED_AUTOS = YES_AGGRESSIVE;
				GCC_WARN_UNUSED_FUNCTION = YES;
				GCC_WARN_UNUSED_VARIABLE = YES;
				IPHONEOS_DEPLOYMENT_TARGET = 16.1;
				MTL_ENABLE_DEBUG_INFO = NO;
				MTL_FAST_MATH = YES;
				SDKROOT = iphoneos;
				SWIFT_COMPILATION_MODE = wholemodule;
				SWIFT_OPTIMIZATION_LEVEL = "-O";
				VALIDATE_PRODUCT = YES;
			};
			name = Release;
		};
		45F213E0286C48D6009FC26F /* Debug */ = {
			isa = XCBuildConfiguration;
			buildSettings = {
				ASSETCATALOG_COMPILER_APPICON_NAME = AppIcon;
				ASSETCATALOG_COMPILER_GLOBAL_ACCENT_COLOR_NAME = AccentColor;
				CODE_SIGN_IDENTITY = "Apple Development";
				CODE_SIGN_STYLE = Automatic;
				CURRENT_PROJECT_VERSION = 1;
				DEVELOPMENT_ASSET_PATHS = "\"News/Preview Content\"";
				DEVELOPMENT_TEAM = "";
				ENABLE_PREVIEWS = YES;
				GENERATE_INFOPLIST_FILE = YES;
				INFOPLIST_KEY_CFBundleDisplayName = Informer;
				INFOPLIST_KEY_LSApplicationCategoryType = "public.app-category.news";
				INFOPLIST_KEY_UIApplicationSceneManifest_Generation = YES;
				INFOPLIST_KEY_UIApplicationSupportsIndirectInputEvents = YES;
				INFOPLIST_KEY_UILaunchScreen_Generation = YES;
				INFOPLIST_KEY_UISupportedInterfaceOrientations = UIInterfaceOrientationPortrait;
				INFOPLIST_KEY_UISupportedInterfaceOrientations_iPhone = UIInterfaceOrientationPortrait;
				LD_RUNPATH_SEARCH_PATHS = (
					"$(inherited)",
					"@executable_path/Frameworks",
				);
				MARKETING_VERSION = 1.0;
				PRODUCT_BUNDLE_IDENTIFIER = me.schatton.thomas.informer;
				PRODUCT_NAME = "$(TARGET_NAME)";
				PROVISIONING_PROFILE_SPECIFIER = "";
				SUPPORTED_PLATFORMS = "iphoneos iphonesimulator";
				SUPPORTS_MACCATALYST = NO;
				SUPPORTS_MAC_DESIGNED_FOR_IPHONE_IPAD = NO;
				SWIFT_EMIT_LOC_STRINGS = YES;
				SWIFT_VERSION = 5.0;
				TARGETED_DEVICE_FAMILY = 1;
			};
			name = Debug;
		};
		45F213E1286C48D6009FC26F /* Release */ = {
			isa = XCBuildConfiguration;
			buildSettings = {
				ASSETCATALOG_COMPILER_APPICON_NAME = AppIcon;
				ASSETCATALOG_COMPILER_GLOBAL_ACCENT_COLOR_NAME = AccentColor;
				CODE_SIGN_IDENTITY = "Apple Development";
				CODE_SIGN_STYLE = Automatic;
				CURRENT_PROJECT_VERSION = 1;
				DEVELOPMENT_ASSET_PATHS = "\"News/Preview Content\"";
				DEVELOPMENT_TEAM = "";
				ENABLE_PREVIEWS = YES;
				GENERATE_INFOPLIST_FILE = YES;
				INFOPLIST_KEY_CFBundleDisplayName = Informer;
				INFOPLIST_KEY_LSApplicationCategoryType = "public.app-category.news";
				INFOPLIST_KEY_UIApplicationSceneManifest_Generation = YES;
				INFOPLIST_KEY_UIApplicationSupportsIndirectInputEvents = YES;
				INFOPLIST_KEY_UILaunchScreen_Generation = YES;
				INFOPLIST_KEY_UISupportedInterfaceOrientations = UIInterfaceOrientationPortrait;
				INFOPLIST_KEY_UISupportedInterfaceOrientations_iPhone = UIInterfaceOrientationPortrait;
				LD_RUNPATH_SEARCH_PATHS = (
					"$(inherited)",
					"@executable_path/Frameworks",
				);
				MARKETING_VERSION = 1.0;
				PRODUCT_BUNDLE_IDENTIFIER = me.schatton.thomas.informer;
				PRODUCT_NAME = "$(TARGET_NAME)";
				PROVISIONING_PROFILE_SPECIFIER = "";
				SUPPORTED_PLATFORMS = "iphoneos iphonesimulator";
				SUPPORTS_MACCATALYST = NO;
				SUPPORTS_MAC_DESIGNED_FOR_IPHONE_IPAD = NO;
				SWIFT_EMIT_LOC_STRINGS = YES;
				SWIFT_VERSION = 5.0;
				TARGETED_DEVICE_FAMILY = 1;
			};
			name = Release;
		};
/* End XCBuildConfiguration section */

/* Begin XCConfigurationList section */
		45F213CC286C48D5009FC26F /* Build configuration list for PBXProject "News" */ = {
			isa = XCConfigurationList;
			buildConfigurations = (
				45F213DD286C48D6009FC26F /* Debug */,
				45F213DE286C48D6009FC26F /* Release */,
			);
			defaultConfigurationIsVisible = 0;
			defaultConfigurationName = Release;
		};
		45F213DF286C48D6009FC26F /* Build configuration list for PBXNativeTarget "News" */ = {
			isa = XCConfigurationList;
			buildConfigurations = (
				45F213E0286C48D6009FC26F /* Debug */,
				45F213E1286C48D6009FC26F /* Release */,
			);
			defaultConfigurationIsVisible = 0;
			defaultConfigurationName = Release;
		};
/* End XCConfigurationList section */
	};
	rootObject = 45F213C9286C48D5009FC26F /* Project object */;
}
